
Microsoft Visual Studio Solution File, Format Version 12.00
# Visual Studio 15
VisualStudioVersion = 15.0.27130.2027
MinimumVisualStudioVersion = 10.0.40219.1
Project("{9A19103F-16F7-4668-BE54-9A1E7A4F7556}") = "CoreTests", "CoreTests\CoreTests.csproj", "{11834F60-8303-46E6-B19E-38E6DE71D3EE}"
EndProject
Project("{FAE04EC0-301F-11D3-BF4B-00C04F79EFBC}") = "Core", "Core\Core.csproj", "{8251FAC6-23AC-4B35-80CA-DEC6A019CB3D}"
EndProject
Global
	GlobalSection(SolutionConfigurationPlatforms) = preSolution
		Debug|Any CPU = Debug|Any CPU
		Release|Any CPU = Release|Any CPU
	EndGlobalSection
	GlobalSection(ProjectConfigurationPlatforms) = postSolution
		{11834F60-8303-46E6-B19E-38E6DE71D3EE}.Debug|Any CPU.ActiveCfg = Debug|Any CPU
		{11834F60-8303-46E6-B19E-38E6DE71D3EE}.Debug|Any CPU.Build.0 = Debug|Any CPU
		{11834F60-8303-46E6-B19E-38E6DE71D3EE}.Release|Any CPU.ActiveCfg = Release|Any CPU
		{11834F60-8303-46E6-B19E-38E6DE71D3EE}.Release|Any CPU.Build.0 = Release|Any CPU
		{8251FAC6-23AC-4B35-80CA-DEC6A019CB3D}.Debug|Any CPU.ActiveCfg = Debug|Any CPU
		{8251FAC6-23AC-4B35-80CA-DEC6A019CB3D}.Debug|Any CPU.Build.0 = Debug|Any CPU
		{8251FAC6-23AC-4B35-80CA-DEC6A019CB3D}.Release|Any CPU.ActiveCfg = Release|Any CPU
		{8251FAC6-23AC-4B35-80CA-DEC6A019CB3D}.Release|Any CPU.Build.0 = Release|Any CPU
	EndGlobalSection
	GlobalSection(SolutionProperties) = preSolution
		HideSolutionNode = FALSE
	EndGlobalSection
	GlobalSection(ExtensibilityGlobals) = postSolution
		SolutionGuid = {D26F87D6-4FCB-4329-B038-7B1CD1FC3532}
	EndGlobalSection
EndGlobal
